
Microsoft Visual Studio Solution File, Format Version 12.00
# Visual Studio Version 16
VisualStudioVersion = 16.0.30002.166
MinimumVisualStudioVersion = 10.0.40219.1
Project("{FAE04EC0-301F-11D3-BF4B-00C04F79EFBC}") = "Exercicio5Conversao", "Exercicio5Conversao.csproj", "{1756D5F6-6120-43A1-8BAF-1184C84A16E6}"
EndProject
Project("{9A19103F-16F7-4668-BE54-9A1E7A4F7556}") = "Execicio5Conversao.Tests", "..\Execicio5Conversao.Tests\Execicio5Conversao.Tests.csproj", "{FE824AC0-145E-4A0B-9362-720AAD1C1F3A}"
EndProject
Global
	GlobalSection(SolutionConfigurationPlatforms) = preSolution
		Debug|Any CPU = Debug|Any CPU
		Release|Any CPU = Release|Any CPU
	EndGlobalSection
	GlobalSection(ProjectConfigurationPlatforms) = postSolution
		{1756D5F6-6120-43A1-8BAF-1184C84A16E6}.Debug|Any CPU.ActiveCfg = Debug|Any CPU
		{1756D5F6-6120-43A1-8BAF-1184C84A16E6}.Debug|Any CPU.Build.0 = Debug|Any CPU
		{1756D5F6-6120-43A1-8BAF-1184C84A16E6}.Release|Any CPU.ActiveCfg = Release|Any CPU
		{1756D5F6-6120-43A1-8BAF-1184C84A16E6}.Release|Any CPU.Build.0 = Release|Any CPU
		{FE824AC0-145E-4A0B-9362-720AAD1C1F3A}.Debug|Any CPU.ActiveCfg = Debug|Any CPU
		{FE824AC0-145E-4A0B-9362-720AAD1C1F3A}.Debug|Any CPU.Build.0 = Debug|Any CPU
		{FE824AC0-145E-4A0B-9362-720AAD1C1F3A}.Release|Any CPU.ActiveCfg = Release|Any CPU
		{FE824AC0-145E-4A0B-9362-720AAD1C1F3A}.Release|Any CPU.Build.0 = Release|Any CPU
	EndGlobalSection
	GlobalSection(SolutionProperties) = preSolution
		HideSolutionNode = FALSE
	EndGlobalSection
	GlobalSection(ExtensibilityGlobals) = postSolution
		SolutionGuid = {5D8C2E76-76B0-4DBE-83C9-E3FE16C1CDC7}
	EndGlobalSection
EndGlobal
